
Microsoft Visual Studio Solution File, Format Version 12.00
# Visual Studio Version 16
VisualStudioVersion = 16.0.31424.327
MinimumVisualStudioVersion = 10.0.40219.1
Project("{9A19103F-16F7-4668-BE54-9A1E7A4F7556}") = "WpfClient", "WpfClient\WpfClient.csproj", "{B3B74BB7-F145-4067-BB12-7A48F32DD18B}"
EndProject
Project("{9A19103F-16F7-4668-BE54-9A1E7A4F7556}") = "ClassLibrary", "ClassLibrary\ClassLibrary.csproj", "{6C1CFCE4-5DE4-441C-89DE-FA0C09E84EF2}"
EndProject
Project("{9A19103F-16F7-4668-BE54-9A1E7A4F7556}") = "GrpcClient", "GrpcClient\GrpcClient.csproj", "{323EE888-09E2-4FF4-976C-67D49A0A25EA}"
EndProject
Project("{9A19103F-16F7-4668-BE54-9A1E7A4F7556}") = "GrpcServer", "GrpcServer\GrpcServer.csproj", "{B8E551D9-D107-4C27-AF93-26502AA1AF6A}"
EndProject
Global
	GlobalSection(SolutionConfigurationPlatforms) = preSolution
		Debug|Any CPU = Debug|Any CPU
		Release|Any CPU = Release|Any CPU
	EndGlobalSection
	GlobalSection(ProjectConfigurationPlatforms) = postSolution
		{B3B74BB7-F145-4067-BB12-7A48F32DD18B}.Debug|Any CPU.ActiveCfg = Debug|Any CPU
		{B3B74BB7-F145-4067-BB12-7A48F32DD18B}.Debug|Any CPU.Build.0 = Debug|Any CPU
		{B3B74BB7-F145-4067-BB12-7A48F32DD18B}.Release|Any CPU.ActiveCfg = Release|Any CPU
		{B3B74BB7-F145-4067-BB12-7A48F32DD18B}.Release|Any CPU.Build.0 = Release|Any CPU
		{6C1CFCE4-5DE4-441C-89DE-FA0C09E84EF2}.Debug|Any CPU.ActiveCfg = Debug|Any CPU
		{6C1CFCE4-5DE4-441C-89DE-FA0C09E84EF2}.Debug|Any CPU.Build.0 = Debug|Any CPU
		{6C1CFCE4-5DE4-441C-89DE-FA0C09E84EF2}.Release|Any CPU.ActiveCfg = Release|Any CPU
		{6C1CFCE4-5DE4-441C-89DE-FA0C09E84EF2}.Release|Any CPU.Build.0 = Release|Any CPU
		{323EE888-09E2-4FF4-976C-67D49A0A25EA}.Debug|Any CPU.ActiveCfg = Debug|Any CPU
		{323EE888-09E2-4FF4-976C-67D49A0A25EA}.Debug|Any CPU.Build.0 = Debug|Any CPU
		{323EE888-09E2-4FF4-976C-67D49A0A25EA}.Release|Any CPU.ActiveCfg = Release|Any CPU
		{323EE888-09E2-4FF4-976C-67D49A0A25EA}.Release|Any CPU.Build.0 = Release|Any CPU
		{B8E551D9-D107-4C27-AF93-26502AA1AF6A}.Debug|Any CPU.ActiveCfg = Debug|Any CPU
		{B8E551D9-D107-4C27-AF93-26502AA1AF6A}.Debug|Any CPU.Build.0 = Debug|Any CPU
		{B8E551D9-D107-4C27-AF93-26502AA1AF6A}.Release|Any CPU.ActiveCfg = Release|Any CPU
		{B8E551D9-D107-4C27-AF93-26502AA1AF6A}.Release|Any CPU.Build.0 = Release|Any CPU
	EndGlobalSection
	GlobalSection(SolutionProperties) = preSolution
		HideSolutionNode = FALSE
	EndGlobalSection
	GlobalSection(ExtensibilityGlobals) = postSolution
		SolutionGuid = {1B4E5F98-1E62-4975-8DC3-FB494F36AA82}
	EndGlobalSection
EndGlobal
